<?xml version="1.0" encoding="utf-8"?>
<Project ToolsVersion="4.0" xmlns="http://schemas.microsoft.com/developer/msbuild/2003">
  <ItemGroup>
    <ClCompile Include="Component\InputComponent.cpp" />
    <ClCompile Include="Entity\Entity.cpp" />
    <ClCompile Include="Glad\glad.c" />
    <ClCompile Include="IMGUI\imgui.cpp" />
    <ClCompile Include="IMGUI\imgui_demo.cpp" />
    <ClCompile Include="IMGUI\imgui_draw.cpp" />
    <ClCompile Include="IMGUI\imgui_impl_glfw.cpp" />
    <ClCompile Include="IMGUI\imgui_impl_opengl3.cpp" />
    <ClCompile Include="IMGUI\imgui_tables.cpp" />
    <ClCompile Include="IMGUI\imgui_widgets.cpp" />
    <ClCompile Include="Main\Main.cpp" />
    <ClCompile Include="Manager\ComponentManager.cpp" />
    <ClCompile Include="Manager\ECSManager.cpp" />
    <ClCompile Include="Manager\GameManager.cpp" />
    <ClCompile Include="Manager\ImguiManager.cpp" />
    <ClCompile Include="Manager\InputManager.cpp" />
    <ClCompile Include="Manager\LogManager.cpp" />
    <ClCompile Include="Manager\Manager.cpp" />
    <ClCompile Include="Manager\SerialisationBinManager.cpp" />
    <ClCompile Include="Manager\SerialisationManager.cpp" />
    <ClCompile Include="Manager\SystemManager.cpp" />
    <ClCompile Include="System\InputSystem.cpp" />
    <ClCompile Include="Utility\AssetPath.cpp" />
    <ClCompile Include="Utility\Clock.cpp" />
    <ClCompile Include="Utility\MathUtils.cpp" />
    <ClCompile Include="Utility\Vector2D.cpp" />
    <ClCompile Include="Utility\Vector3D.cpp" />
  </ItemGroup>
  <ItemGroup>
    <ClInclude Include="Component\Component.h" />
    <ClInclude Include="Component\ComponentPool.h" />
    <ClInclude Include="Component\ComponentView.h" />
    <ClInclude Include="Component\InputComponent.h" />
    <ClInclude Include="Entity\Entity.h" />
    <ClInclude Include="Glad\glad.h" />
    <ClInclude Include="IMGUI\imconfig.h" />
    <ClInclude Include="IMGUI\imgui.h" />
    <ClInclude Include="IMGUI\imgui_impl_glfw.h" />
    <ClInclude Include="IMGUI\imgui_impl_opengl3.h" />
    <ClInclude Include="IMGUI\imgui_impl_opengl3_loader.h" />
    <ClInclude Include="IMGUI\imgui_internal.h" />
    <ClInclude Include="IMGUI\imstb_rectpack.h" />
    <ClInclude Include="IMGUI\imstb_textedit.h" />
    <ClInclude Include="IMGUI\imstb_truetype.h" />
    <ClInclude Include="Main\Main.h" />
    <ClInclude Include="Manager\ComponentManager.h" />
    <ClInclude Include="Manager\ECSManager.h" />
    <ClInclude Include="Manager\GameManager.h" />
    <ClInclude Include="Manager\ImguiManager.h" />
    <ClInclude Include="Manager\InputManager.h" />
    <ClInclude Include="Manager\LogManager.h" />
    <ClInclude Include="Manager\Manager.h" />
    <ClInclude Include="Manager\SerialisationBinManager.h" />
    <ClInclude Include="Manager\SerialisationManager.h" />
    <ClInclude Include="System\InputSystem.h" />
    <ClInclude Include="System\System.h" />
    <ClInclude Include="Utility\AssetPath.h" />
    <ClInclude Include="Utility\Clock.h" />
    <ClInclude Include="Utility\InputKeyMappings.h" />
    <ClInclude Include="Utility\MathUtils.h" />
    <ClInclude Include="Utility\ECS_Variables.h" />
    <ClInclude Include="Utility\Vector2D.h" />
    <ClInclude Include="Utility\Vector3D.h" />
  </ItemGroup>
  <ItemGroup>
    <None Include="Assets\Scene\Game.scn" />
    <None Include="game.scn" />
  </ItemGroup>
  <ItemGroup>
    <Text Include="Survival_Kit.log" />
  </ItemGroup>
</Project>